version = 1
revision = 3
requires-python = "==3.11.*"
resolution-markers = [
    "sys_platform != 'darwin'",
    "sys_platform == 'darwin'",
]

[[package]]
name = "learn-qwen3-moe"
version = "0.1.0"
source = { editable = "." }
dependencies = [
    { name = "numpy" },
    { name = "regex" },
]

[package.metadata]
requires-dist = [
    { name = "numpy", specifier = "==2.2.6" },
    { name = "regex", specifier = "==2025.7.34" },
]

[[package]]
name = "numpy"
version = "2.2.6"
source = { registry = "https://pypi.org/simple" }
sdist = { url = "https://files.pythonhosted.org/packages/76/21/7d2a95e4bba9dc13d043ee156a356c0a8f0c6309dff6b21b4d71a073b8a8/numpy-2.2.6.tar.gz", hash = "sha256:e29554e2bef54a90aa5cc07da6ce955accb83f21ab5de01a62c8478897b264fd", size = 20276440, upload-time = "2025-05-17T22:38:04.611Z" }
wheels = [
    { url = "https://files.pythonhosted.org/packages/da/a8/4f83e2aa666a9fbf56d6118faaaf5f1974d456b1823fda0a176eff722839/numpy-2.2.6-cp311-cp311-macosx_10_9_x86_64.whl", hash = "sha256:f9f1adb22318e121c5c69a09142811a201ef17ab257a1e66ca3025065b7f53ae", size = 21176963, upload-time = "2025-05-17T21:31:19.36Z" },
    { url = "https://files.pythonhosted.org/packages/b3/2b/64e1affc7972decb74c9e29e5649fac940514910960ba25cd9af4488b66c/numpy-2.2.6-cp311-cp311-macosx_11_0_arm64.whl", hash = "sha256:c820a93b0255bc360f53eca31a0e676fd1101f673dda8da93454a12e23fc5f7a", size = 14406743, upload-time = "2025-05-17T21:31:41.087Z" },
    { url = "https://files.pythonhosted.org/packages/4a/9f/0121e375000b5e50ffdd8b25bf78d8e1a5aa4cca3f185d41265198c7b834/numpy-2.2.6-cp311-cp311-macosx_14_0_arm64.whl", hash = "sha256:3d70692235e759f260c3d837193090014aebdf026dfd167834bcba43e30c2a42", size = 5352616, upload-time = "2025-05-17T21:31:50.072Z" },
    { url = "https://files.pythonhosted.org/packages/31/0d/b48c405c91693635fbe2dcd7bc84a33a602add5f63286e024d3b6741411c/numpy-2.2.6-cp311-cp311-macosx_14_0_x86_64.whl", hash = "sha256:481b49095335f8eed42e39e8041327c05b0f6f4780488f61286ed3c01368d491", size = 6889579, upload-time = "2025-05-17T21:32:01.712Z" },
    { url = "https://files.pythonhosted.org/packages/52/b8/7f0554d49b565d0171eab6e99001846882000883998e7b7d9f0d98b1f934/numpy-2.2.6-cp311-cp311-manylinux_2_17_aarch64.manylinux2014_aarch64.whl", hash = "sha256:b64d8d4d17135e00c8e346e0a738deb17e754230d7e0810ac5012750bbd85a5a", size = 14312005, upload-time = "2025-05-17T21:32:23.332Z" },
    { url = "https://files.pythonhosted.org/packages/b3/dd/2238b898e51bd6d389b7389ffb20d7f4c10066d80351187ec8e303a5a475/numpy-2.2.6-cp311-cp311-manylinux_2_17_x86_64.manylinux2014_x86_64.whl", hash = "sha256:ba10f8411898fc418a521833e014a77d3ca01c15b0c6cdcce6a0d2897e6dbbdf", size = 16821570, upload-time = "2025-05-17T21:32:47.991Z" },
    { url = "https://files.pythonhosted.org/packages/83/6c/44d0325722cf644f191042bf47eedad61c1e6df2432ed65cbe28509d404e/numpy-2.2.6-cp311-cp311-musllinux_1_2_aarch64.whl", hash = "sha256:bd48227a919f1bafbdda0583705e547892342c26fb127219d60a5c36882609d1", size = 15818548, upload-time = "2025-05-17T21:33:11.728Z" },
    { url = "https://files.pythonhosted.org/packages/ae/9d/81e8216030ce66be25279098789b665d49ff19eef08bfa8cb96d4957f422/numpy-2.2.6-cp311-cp311-musllinux_1_2_x86_64.whl", hash = "sha256:9551a499bf125c1d4f9e250377c1ee2eddd02e01eac6644c080162c0c51778ab", size = 18620521, upload-time = "2025-05-17T21:33:39.139Z" },
    { url = "https://files.pythonhosted.org/packages/6a/fd/e19617b9530b031db51b0926eed5345ce8ddc669bb3bc0044b23e275ebe8/numpy-2.2.6-cp311-cp311-win32.whl", hash = "sha256:0678000bb9ac1475cd454c6b8c799206af8107e310843532b04d49649c717a47", size = 6525866, upload-time = "2025-05-17T21:33:50.273Z" },
    { url = "https://files.pythonhosted.org/packages/31/0a/f354fb7176b81747d870f7991dc763e157a934c717b67b58456bc63da3df/numpy-2.2.6-cp311-cp311-win_amd64.whl", hash = "sha256:e8213002e427c69c45a52bbd94163084025f533a55a59d6f9c5b820774ef3303", size = 12907455, upload-time = "2025-05-17T21:34:09.135Z" },
]

[[package]]
name = "regex"
version = "2025.7.34"
source = { registry = "https://pypi.org/simple" }
sdist = { url = "https://files.pythonhosted.org/packages/0b/de/e13fa6dc61d78b30ba47481f99933a3b49a57779d625c392d8036770a60d/regex-2025.7.34.tar.gz", hash = "sha256:9ead9765217afd04a86822dfcd4ed2747dfe426e887da413b15ff0ac2457e21a", size = 400714, upload-time = "2025-07-31T00:21:16.262Z" }
wheels = [
    { url = "https://files.pythonhosted.org/packages/0d/85/f497b91577169472f7c1dc262a5ecc65e39e146fc3a52c571e5daaae4b7d/regex-2025.7.34-cp311-cp311-macosx_10_9_universal2.whl", hash = "sha256:da304313761b8500b8e175eb2040c4394a875837d5635f6256d6fa0377ad32c8", size = 484594, upload-time = "2025-07-31T00:19:13.927Z" },
    { url = "https://files.pythonhosted.org/packages/1c/c5/ad2a5c11ce9e6257fcbfd6cd965d07502f6054aaa19d50a3d7fd991ec5d1/regex-2025.7.34-cp311-cp311-macosx_10_9_x86_64.whl", hash = "sha256:35e43ebf5b18cd751ea81455b19acfdec402e82fe0dc6143edfae4c5c4b3909a", size = 289294, upload-time = "2025-07-31T00:19:15.395Z" },
    { url = "https://files.pythonhosted.org/packages/8e/01/83ffd9641fcf5e018f9b51aa922c3e538ac9439424fda3df540b643ecf4f/regex-2025.7.34-cp311-cp311-macosx_11_0_arm64.whl", hash = "sha256:96bbae4c616726f4661fe7bcad5952e10d25d3c51ddc388189d8864fbc1b3c68", size = 285933, upload-time = "2025-07-31T00:19:16.704Z" },
    { url = "https://files.pythonhosted.org/packages/77/20/5edab2e5766f0259bc1da7381b07ce6eb4401b17b2254d02f492cd8a81a8/regex-2025.7.34-cp311-cp311-manylinux2014_aarch64.manylinux_2_17_aarch64.manylinux_2_28_aarch64.whl", hash = "sha256:9feab78a1ffa4f2b1e27b1bcdaad36f48c2fed4870264ce32f52a393db093c78", size = 792335, upload-time = "2025-07-31T00:19:18.561Z" },
    { url = "https://files.pythonhosted.org/packages/30/bd/744d3ed8777dce8487b2606b94925e207e7c5931d5870f47f5b643a4580a/regex-2025.7.34-cp311-cp311-manylinux2014_ppc64le.manylinux_2_17_ppc64le.manylinux_2_28_ppc64le.whl", hash = "sha256:f14b36e6d4d07f1a5060f28ef3b3561c5d95eb0651741474ce4c0a4c56ba8719", size = 858605, upload-time = "2025-07-31T00:19:20.204Z" },
    { url = "https://files.pythonhosted.org/packages/99/3d/93754176289718d7578c31d151047e7b8acc7a8c20e7706716f23c49e45e/regex-2025.7.34-cp311-cp311-manylinux2014_s390x.manylinux_2_17_s390x.manylinux_2_28_s390x.whl", hash = "sha256:85c3a958ef8b3d5079c763477e1f09e89d13ad22198a37e9d7b26b4b17438b33", size = 905780, upload-time = "2025-07-31T00:19:21.876Z" },
    { url = "https://files.pythonhosted.org/packages/ee/2e/c689f274a92deffa03999a430505ff2aeace408fd681a90eafa92fdd6930/regex-2025.7.34-cp311-cp311-manylinux2014_x86_64.manylinux_2_17_x86_64.manylinux_2_28_x86_64.whl", hash = "sha256:37555e4ae0b93358fa7c2d240a4291d4a4227cc7c607d8f85596cdb08ec0a083", size = 798868, upload-time = "2025-07-31T00:19:23.222Z" },
    { url = "https://files.pythonhosted.org/packages/0d/9e/39673688805d139b33b4a24851a71b9978d61915c4d72b5ffda324d0668a/regex-2025.7.34-cp311-cp311-musllinux_1_2_aarch64.whl", hash = "sha256:ee38926f31f1aa61b0232a3a11b83461f7807661c062df9eb88769d86e6195c3", size = 781784, upload-time = "2025-07-31T00:19:24.59Z" },
    { url = "https://files.pythonhosted.org/packages/18/bd/4c1cab12cfabe14beaa076523056b8ab0c882a8feaf0a6f48b0a75dab9ed/regex-2025.7.34-cp311-cp311-musllinux_1_2_ppc64le.whl", hash = "sha256:a664291c31cae9c4a30589bd8bc2ebb56ef880c9c6264cb7643633831e606a4d", size = 852837, upload-time = "2025-07-31T00:19:25.911Z" },
    { url = "https://files.pythonhosted.org/packages/cb/21/663d983cbb3bba537fc213a579abbd0f263fb28271c514123f3c547ab917/regex-2025.7.34-cp311-cp311-musllinux_1_2_s390x.whl", hash = "sha256:f3e5c1e0925e77ec46ddc736b756a6da50d4df4ee3f69536ffb2373460e2dafd", size = 844240, upload-time = "2025-07-31T00:19:27.688Z" },
    { url = "https://files.pythonhosted.org/packages/8e/2d/9beeeb913bc5d32faa913cf8c47e968da936af61ec20af5d269d0f84a100/regex-2025.7.34-cp311-cp311-musllinux_1_2_x86_64.whl", hash = "sha256:d428fc7731dcbb4e2ffe43aeb8f90775ad155e7db4347a639768bc6cd2df881a", size = 787139, upload-time = "2025-07-31T00:19:29.475Z" },
    { url = "https://files.pythonhosted.org/packages/eb/f5/9b9384415fdc533551be2ba805dd8c4621873e5df69c958f403bfd3b2b6e/regex-2025.7.34-cp311-cp311-win32.whl", hash = "sha256:e154a7ee7fa18333ad90b20e16ef84daaeac61877c8ef942ec8dfa50dc38b7a1", size = 264019, upload-time = "2025-07-31T00:19:31.129Z" },
    { url = "https://files.pythonhosted.org/packages/18/9d/e069ed94debcf4cc9626d652a48040b079ce34c7e4fb174f16874958d485/regex-2025.7.34-cp311-cp311-win_amd64.whl", hash = "sha256:24257953d5c1d6d3c129ab03414c07fc1a47833c9165d49b954190b2b7f21a1a", size = 276047, upload-time = "2025-07-31T00:19:32.497Z" },
    { url = "https://files.pythonhosted.org/packages/fd/cf/3bafbe9d1fd1db77355e7fbbbf0d0cfb34501a8b8e334deca14f94c7b315/regex-2025.7.34-cp311-cp311-win_arm64.whl", hash = "sha256:3157aa512b9e606586900888cd469a444f9b898ecb7f8931996cb715f77477f0", size = 268362, upload-time = "2025-07-31T00:19:34.094Z" },
]
